{
  "nodes": {
    "catppuccin": {
      "inputs": {
        "nixpkgs": [
          "nixpkgs"
        ]
      },
      "locked": {
        "lastModified": 1751021896,
        "narHash": "sha256-L9u68mNPPiuW7+OV5BKbXaj/AENTiiuEx8+QnMBjRlU=",
        "owner": "catppuccin",
        "repo": "nix",
        "rev": "a6b0e34d083c79f08efabb1fd6ccf12b882daae6",
        "type": "github"
      },
      "original": {
        "owner": "catppuccin",
        "repo": "nix",
        "type": "github"
      }
    },
    "catppuccin-vsc": {
      "inputs": {
        "nixpkgs": [
          "nixpkgs"
        ]
      },
      "locked": {
        "lastModified": 1748386465,
        "narHash": "sha256-CyVzYVfq1dASIiq81npz9o+qFGkyxkK25iULRF3bsnc=",
        "owner": "catppuccin",
        "repo": "vscode",
        "rev": "67bd19a1d06ebda18bcc8a8902c1c5eb70bd01f8",
        "type": "github"
      },
      "original": {
        "owner": "catppuccin",
        "repo": "vscode",
        "type": "github"
      }
    },
    "disko": {
      "inputs": {
        "nixpkgs": [
          "nixpkgs"
        ]
      },
      "locked": {
        "lastModified": 1750903843,
        "narHash": "sha256-Ng9+f0H5/dW+mq/XOKvB9uwvGbsuiiO6HrPdAcVglCs=",
        "owner": "nix-community",
        "repo": "disko",
        "rev": "83c4da299c1d7d300f8c6fd3a72ac46cb0d59aae",
        "type": "github"
      },
      "original": {
        "owner": "nix-community",
        "repo": "disko",
        "type": "github"
      }
    },
    "firefox-ui-fix": {
      "flake": false,
      "locked": {
        "lastModified": 1751211570,
        "narHash": "sha256-t0mEpG2f43wdssmq7CXjQj01IzRYS2dy5N2US0gKTVA=",
        "owner": "black7375",
        "repo": "Firefox-UI-Fix",
        "rev": "911c3f524b5083d5cec14d82a64420a55590a55a",
        "type": "github"
      },
      "original": {
        "owner": "black7375",
        "repo": "Firefox-UI-Fix",
        "type": "github"
      }
    },
    "flake-utils": {
      "inputs": {
        "systems": "systems"
      },
      "locked": {
        "lastModified": 1731533236,
        "narHash": "sha256-l0KFg5HjrsfsO/JpG+r7fRrqm12kzFHyUHqHCVpMMbI=",
        "owner": "numtide",
        "repo": "flake-utils",
        "rev": "11707dc2f618dd54ca8739b309ec4fc024de578b",
        "type": "github"
      },
      "original": {
        "owner": "numtide",
        "repo": "flake-utils",
        "type": "github"
      }
    },
    "home-manager": {
      "inputs": {
        "nixpkgs": [
          "nixpkgs"
        ]
      },
      "locked": {
        "lastModified": 1751239699,
        "narHash": "sha256-zA1uUdAq3c26fHm26xMWMuF5COhI18EzaH7az/P2OWM=",
        "owner": "nix-community",
        "repo": "home-manager",
        "rev": "f6deff178cc4d6049d30785dbfc831e6c6e3a219",
        "type": "github"
      },
      "original": {
        "owner": "nix-community",
        "repo": "home-manager",
        "type": "github"
      }
    },
    "nix-vscode-extensions": {
      "inputs": {
        "flake-utils": [
          "flake-utils"
        ],
        "nixpkgs": [
          "nixpkgs"
        ]
      },
      "locked": {
        "lastModified": 1751249431,
        "narHash": "sha256-fhbbYA8ve/DCBM0ozJ8omntguPDoZtjZL43Dnoi/tmU=",
        "owner": "nix-community",
        "repo": "nix-vscode-extensions",
        "rev": "bc160bf9280cef49434dcfabe035bf4ae10783b8",
        "type": "github"
      },
      "original": {
        "owner": "nix-community",
        "repo": "nix-vscode-extensions",
        "type": "github"
      }
    },
    "nixpkgs": {
      "locked": {
        "lastModified": 1751011381,
        "narHash": "sha256-krGXKxvkBhnrSC/kGBmg5MyupUUT5R6IBCLEzx9jhMM=",
        "owner": "nixos",
        "repo": "nixpkgs",
        "rev": "30e2e2857ba47844aa71991daa6ed1fc678bcbb7",
        "type": "github"
      },
      "original": {
        "owner": "nixos",
        "ref": "nixos-unstable",
        "repo": "nixpkgs",
        "type": "github"
      }
    },
    "plasma-manager": {
      "inputs": {
        "home-manager": [
          "home-manager"
        ],
        "nixpkgs": [
          "nixpkgs"
        ]
      },
      "locked": {
        "lastModified": 1748196248,
        "narHash": "sha256-1iHjsH6/5UOerJEoZKE+Gx1BgAoge/YcnUsOA4wQ/BU=",
        "owner": "pjones",
        "repo": "plasma-manager",
        "rev": "b7697abe89967839b273a863a3805345ea54ab56",
        "type": "github"
      },
      "original": {
        "owner": "pjones",
        "repo": "plasma-manager",
        "type": "github"
      }
    },
    "root": {
      "inputs": {
        "catppuccin": "catppuccin",
        "catppuccin-vsc": "catppuccin-vsc",
        "disko": "disko",
        "firefox-ui-fix": "firefox-ui-fix",
        "flake-utils": "flake-utils",
        "home-manager": "home-manager",
        "nix-vscode-extensions": "nix-vscode-extensions",
        "nixpkgs": "nixpkgs",
        "plasma-manager": "plasma-manager",
        "secrets-repo": "secrets-repo",
        "server-tool": "server-tool",
        "sops-nix": "sops-nix",
        "spicetify-nix": "spicetify-nix"
      }
    },
    "secrets-repo": {
      "flake": false,
      "locked": {
        "lastModified": 1748098078,
        "narHash": "sha256-yTYNih1wyKK1Mm3aPuK4R4BTNFh65UUgRjXt9LkP42k=",
        "ref": "master",
        "rev": "19038d28987c9c90d7836afbf385edb158c7180d",
        "shallow": true,
        "type": "git",
        "url": "ssh://git@github.com/billy4479/nix-secrets.git"
      },
      "original": {
        "ref": "master",
        "shallow": true,
        "type": "git",
        "url": "ssh://git@github.com/billy4479/nix-secrets.git"
      }
    },
    "server-tool": {
      "inputs": {
        "flake-utils": [
          "flake-utils"
        ],
        "nixpkgs": [
          "nixpkgs"
        ]
      },
      "locked": {
        "lastModified": 1738607787,
        "narHash": "sha256-jbuJBOfXYQQGmrfZ/CitDrni9tRRp8UZNAjijwz48GQ=",
        "owner": "billy4479",
        "repo": "server-tool",
        "rev": "c980a1ac538a29721864469db0e01aad342aa8bf",
        "type": "github"
      },
      "original": {
        "owner": "billy4479",
        "repo": "server-tool",
        "type": "github"
      }
    },
    "sops-nix": {
      "inputs": {
        "nixpkgs": [
          "nixpkgs"
        ]
      },
      "locked": {
        "lastModified": 1750119275,
        "narHash": "sha256-Rr7Pooz9zQbhdVxux16h7URa6mA80Pb/G07T4lHvh0M=",
        "owner": "Mic92",
        "repo": "sops-nix",
        "rev": "77c423a03b9b2b79709ea2cb63336312e78b72e2",
        "type": "github"
      },
      "original": {
        "owner": "Mic92",
        "repo": "sops-nix",
        "type": "github"
      }
    },
    "spicetify-nix": {
      "inputs": {
        "nixpkgs": [
          "nixpkgs"
        ],
        "systems": "systems_2"
      },
      "locked": {
        "lastModified": 1751171964,
        "narHash": "sha256-SeVvQm9ex+6BhDPIsRt9E1kSmMblQ6gTi53baphnX08=",
        "owner": "Gerg-L",
        "repo": "spicetify-nix",
        "rev": "16adc163d966fc2bb5da47580df4602ae2c7a310",
        "type": "github"
      },
      "original": {
        "owner": "Gerg-L",
        "repo": "spicetify-nix",
        "type": "github"
      }
    },
    "systems": {
      "locked": {
        "lastModified": 1681028828,
        "narHash": "sha256-Vy1rq5AaRuLzOxct8nz4T6wlgyUR7zLU309k9mBC768=",
        "owner": "nix-systems",
        "repo": "default",
        "rev": "da67096a3b9bf56a91d16901293e51ba5b49a27e",
        "type": "github"
      },
      "original": {
        "owner": "nix-systems",
        "repo": "default",
        "type": "github"
      }
    },
    "systems_2": {
      "locked": {
        "lastModified": 1681028828,
        "narHash": "sha256-Vy1rq5AaRuLzOxct8nz4T6wlgyUR7zLU309k9mBC768=",
        "owner": "nix-systems",
        "repo": "default",
        "rev": "da67096a3b9bf56a91d16901293e51ba5b49a27e",
        "type": "github"
      },
      "original": {
        "owner": "nix-systems",
        "repo": "default",
        "type": "github"
      }
    }
  },
  "root": "root",
  "version": 7
}
