{
  "nodes": {
    "calendar-proxy": {
      "inputs": {
        "flake-utils": [
          "myPackages",
          "flake-utils"
        ],
        "nixpkgs": [
          "myPackages",
          "nixpkgs"
        ]
      },
      "locked": {
        "lastModified": 1762246303,
        "narHash": "sha256-EJLZUBADjSD1qGldnHddVQx9af40WuZJv1rX65cZMa0=",
        "owner": "billy4479",
        "repo": "calendar-proxy",
        "rev": "79647f7ee87b96c83c12bb32edf284686c846660",
        "type": "github"
      },
      "original": {
        "owner": "billy4479",
        "repo": "calendar-proxy",
        "type": "github"
      }
    },
    "catppuccin": {
      "inputs": {
        "nixpkgs": [
          "nixpkgs"
        ]
      },
      "locked": {
        "lastModified": 1762510976,
        "narHash": "sha256-KGoSj8qMOOPaNE48RTtuNBbqOvKLTeklnRHWWvE/TXo=",
        "owner": "catppuccin",
        "repo": "nix",
        "rev": "728cb0a667ce37bb0c68557dba819c7fb54ff1c8",
        "type": "github"
      },
      "original": {
        "owner": "catppuccin",
        "repo": "nix",
        "type": "github"
      }
    },
    "catppuccin-vsc": {
      "inputs": {
        "nixpkgs": [
          "nixpkgs"
        ]
      },
      "locked": {
        "lastModified": 1760308853,
        "narHash": "sha256-Ctlb6ua/8o4CNcLKuiRyDHf54LcJYTH4abmVKpgu37w=",
        "owner": "catppuccin",
        "repo": "vscode",
        "rev": "155479e33394c54eab2bcc40c2d8de9c17ab4599",
        "type": "github"
      },
      "original": {
        "owner": "catppuccin",
        "repo": "vscode",
        "type": "github"
      }
    },
    "disko": {
      "inputs": {
        "nixpkgs": [
          "nixpkgs"
        ]
      },
      "locked": {
        "lastModified": 1762276996,
        "narHash": "sha256-TtcPgPmp2f0FAnc+DMEw4ardEgv1SGNR3/WFGH0N19M=",
        "owner": "nix-community",
        "repo": "disko",
        "rev": "af087d076d3860760b3323f6b583f4d828c1ac17",
        "type": "github"
      },
      "original": {
        "owner": "nix-community",
        "repo": "disko",
        "type": "github"
      }
    },
    "firefox-ui-fix": {
      "flake": false,
      "locked": {
        "lastModified": 1757689200,
        "narHash": "sha256-HaSTbF6JmAI2tvHJ8YItDpptmV2C8v2gf+fs8zuzbTw=",
        "owner": "black7375",
        "repo": "Firefox-UI-Fix",
        "rev": "4645a41e7edd5c5ad895549dc9a1342b492d8323",
        "type": "github"
      },
      "original": {
        "owner": "black7375",
        "repo": "Firefox-UI-Fix",
        "type": "github"
      }
    },
    "flake-utils": {
      "inputs": {
        "systems": "systems"
      },
      "locked": {
        "lastModified": 1731533236,
        "narHash": "sha256-l0KFg5HjrsfsO/JpG+r7fRrqm12kzFHyUHqHCVpMMbI=",
        "owner": "numtide",
        "repo": "flake-utils",
        "rev": "11707dc2f618dd54ca8739b309ec4fc024de578b",
        "type": "github"
      },
      "original": {
        "owner": "numtide",
        "repo": "flake-utils",
        "type": "github"
      }
    },
    "home-manager": {
      "inputs": {
        "nixpkgs": [
          "nixpkgs"
        ]
      },
      "locked": {
        "lastModified": 1762787259,
        "narHash": "sha256-t2U/GLLXHa2+kJkwnFNRVc2fEJ/lUfyZXBE5iKzJdcs=",
        "owner": "nix-community",
        "repo": "home-manager",
        "rev": "37a3d97f2873e0f68711117c34d04b7c7ead8f4e",
        "type": "github"
      },
      "original": {
        "owner": "nix-community",
        "repo": "home-manager",
        "type": "github"
      }
    },
    "myPackages": {
      "inputs": {
        "calendar-proxy": "calendar-proxy",
        "flake-utils": [
          "flake-utils"
        ],
        "nixpkgs": [
          "nixpkgs"
        ],
        "server-tool": "server-tool"
      },
      "locked": {
        "lastModified": 1763722606,
        "narHash": "sha256-1avOS/z4ymlNyANDC+Wl/HhZlYLBj0VRH3HkiavZqwk=",
        "owner": "billy4479",
        "repo": "nix-packages",
        "rev": "b64afd5dd03e1f5a7e661175ceb100f54ffa7295",
        "type": "github"
      },
      "original": {
        "owner": "billy4479",
        "repo": "nix-packages",
        "type": "github"
      }
    },
    "nix-vscode-extensions": {
      "inputs": {
        "nixpkgs": [
          "nixpkgs"
        ]
      },
      "locked": {
        "lastModified": 1762740031,
        "narHash": "sha256-tvUa9nvNerFarHlsw4sipFVWOk9DhHIa+uTW7C0tcxw=",
        "owner": "nix-community",
        "repo": "nix-vscode-extensions",
        "rev": "d09b10414e1a10f7f9a9c9ec01d689d9d23d3f9c",
        "type": "github"
      },
      "original": {
        "owner": "nix-community",
        "repo": "nix-vscode-extensions",
        "type": "github"
      }
    },
    "nixpkgs": {
      "locked": {
        "lastModified": 1762596750,
        "narHash": "sha256-rXXuz51Bq7DHBlfIjN7jO8Bu3du5TV+3DSADBX7/9YQ=",
        "owner": "nixos",
        "repo": "nixpkgs",
        "rev": "b6a8526db03f735b89dd5ff348f53f752e7ddc8e",
        "type": "github"
      },
      "original": {
        "owner": "nixos",
        "ref": "nixos-unstable",
        "repo": "nixpkgs",
        "type": "github"
      }
    },
    "plasma-manager": {
      "inputs": {
        "home-manager": [
          "home-manager"
        ],
        "nixpkgs": [
          "nixpkgs"
        ]
      },
      "locked": {
        "lastModified": 1762784320,
        "narHash": "sha256-odsk96Erywk5hs0dhArF38zb7Oe0q6LZ70gXbxAPKno=",
        "owner": "pjones",
        "repo": "plasma-manager",
        "rev": "7911a0f8a44c7e8b29d031be3149ee8943144321",
        "type": "github"
      },
      "original": {
        "owner": "pjones",
        "repo": "plasma-manager",
        "type": "github"
      }
    },
    "root": {
      "inputs": {
        "catppuccin": "catppuccin",
        "catppuccin-vsc": "catppuccin-vsc",
        "disko": "disko",
        "firefox-ui-fix": "firefox-ui-fix",
        "flake-utils": "flake-utils",
        "home-manager": "home-manager",
        "myPackages": "myPackages",
        "nix-vscode-extensions": "nix-vscode-extensions",
        "nixpkgs": "nixpkgs",
        "plasma-manager": "plasma-manager",
        "secrets-repo": "secrets-repo",
        "sops-nix": "sops-nix",
        "spicetify-nix": "spicetify-nix"
      }
    },
    "secrets-repo": {
      "flake": false,
      "locked": {
        "lastModified": 1761132212,
        "narHash": "sha256-BnamPekB6Eczff1u7R+XRJ/r/lyRMxJr0c6JZXEHnN0=",
        "ref": "master",
        "rev": "c0ac82dfaabeba8d2b5e7b51e4fb6f0d4cdd3042",
        "shallow": true,
        "type": "git",
        "url": "ssh://git@github.com/billy4479/nix-secrets.git"
      },
      "original": {
        "ref": "master",
        "shallow": true,
        "type": "git",
        "url": "ssh://git@github.com/billy4479/nix-secrets.git"
      }
    },
    "server-tool": {
      "inputs": {
        "flake-utils": [
          "myPackages",
          "flake-utils"
        ],
        "nixpkgs": [
          "myPackages",
          "nixpkgs"
        ]
      },
      "locked": {
        "lastModified": 1738607787,
        "narHash": "sha256-jbuJBOfXYQQGmrfZ/CitDrni9tRRp8UZNAjijwz48GQ=",
        "owner": "billy4479",
        "repo": "server-tool",
        "rev": "c980a1ac538a29721864469db0e01aad342aa8bf",
        "type": "github"
      },
      "original": {
        "owner": "billy4479",
        "repo": "server-tool",
        "type": "github"
      }
    },
    "sops-nix": {
      "inputs": {
        "nixpkgs": [
          "nixpkgs"
        ]
      },
      "locked": {
        "lastModified": 1762659808,
        "narHash": "sha256-2Kv2mANf+FRisqhpfeZ8j9firBxb23ZvEXwdcunbpGI=",
        "owner": "Mic92",
        "repo": "sops-nix",
        "rev": "524312bc62e3f34bd9231a2f66622663d3355133",
        "type": "github"
      },
      "original": {
        "owner": "Mic92",
        "repo": "sops-nix",
        "type": "github"
      }
    },
    "spicetify-nix": {
      "inputs": {
        "nixpkgs": [
          "nixpkgs"
        ],
        "systems": "systems_2"
      },
      "locked": {
        "lastModified": 1762718300,
        "narHash": "sha256-oOQimZTaV1jCw0OBmmK2g7Rdj3E8YGVpkJYD32BWKRQ=",
        "owner": "Gerg-L",
        "repo": "spicetify-nix",
        "rev": "c7175bd485ed5052df5075fcdde395b631316e94",
        "type": "github"
      },
      "original": {
        "owner": "Gerg-L",
        "repo": "spicetify-nix",
        "type": "github"
      }
    },
    "systems": {
      "locked": {
        "lastModified": 1681028828,
        "narHash": "sha256-Vy1rq5AaRuLzOxct8nz4T6wlgyUR7zLU309k9mBC768=",
        "owner": "nix-systems",
        "repo": "default",
        "rev": "da67096a3b9bf56a91d16901293e51ba5b49a27e",
        "type": "github"
      },
      "original": {
        "owner": "nix-systems",
        "repo": "default",
        "type": "github"
      }
    },
    "systems_2": {
      "locked": {
        "lastModified": 1681028828,
        "narHash": "sha256-Vy1rq5AaRuLzOxct8nz4T6wlgyUR7zLU309k9mBC768=",
        "owner": "nix-systems",
        "repo": "default",
        "rev": "da67096a3b9bf56a91d16901293e51ba5b49a27e",
        "type": "github"
      },
      "original": {
        "owner": "nix-systems",
        "repo": "default",
        "type": "github"
      }
    }
  },
  "root": "root",
  "version": 7
}
